
Microsoft Visual Studio Solution File, Format Version 12.00
# Visual Studio Version 17
VisualStudioVersion = 17.10.35013.160
MinimumVisualStudioVersion = 10.0.40219.1
Project("{FAE04EC0-301F-11D3-BF4B-00C04F79EFBC}") = "QuanlaInterpreter", "QuanlaInterpreter\QuanlaInterpreter.csproj", "{369AEB9B-A57F-4FBF-AE8E-08B62CFBE624}"
EndProject
Project("{9A19103F-16F7-4668-BE54-9A1E7A4F7556}") = "Steradian.CoreLib", "..\nejlontacsko\SteradianLib\Steradian.CoreLib\Steradian.CoreLib.csproj", "{9498D1E0-51B3-4510-B3D4-973CEA9FFA86}"
EndProject
Global
	GlobalSection(SolutionConfigurationPlatforms) = preSolution
		Debug|Any CPU = Debug|Any CPU
		Release|Any CPU = Release|Any CPU
	EndGlobalSection
	GlobalSection(ProjectConfigurationPlatforms) = postSolution
		{369AEB9B-A57F-4FBF-AE8E-08B62CFBE624}.Debug|Any CPU.ActiveCfg = Debug|Any CPU
		{369AEB9B-A57F-4FBF-AE8E-08B62CFBE624}.Debug|Any CPU.Build.0 = Debug|Any CPU
		{369AEB9B-A57F-4FBF-AE8E-08B62CFBE624}.Release|Any CPU.ActiveCfg = Release|Any CPU
		{369AEB9B-A57F-4FBF-AE8E-08B62CFBE624}.Release|Any CPU.Build.0 = Release|Any CPU
		{9498D1E0-51B3-4510-B3D4-973CEA9FFA86}.Debug|Any CPU.ActiveCfg = Debug|Any CPU
		{9498D1E0-51B3-4510-B3D4-973CEA9FFA86}.Debug|Any CPU.Build.0 = Debug|Any CPU
		{9498D1E0-51B3-4510-B3D4-973CEA9FFA86}.Release|Any CPU.ActiveCfg = Release|Any CPU
		{9498D1E0-51B3-4510-B3D4-973CEA9FFA86}.Release|Any CPU.Build.0 = Release|Any CPU
	EndGlobalSection
	GlobalSection(SolutionProperties) = preSolution
		HideSolutionNode = FALSE
	EndGlobalSection
	GlobalSection(ExtensibilityGlobals) = postSolution
		SolutionGuid = {7F720A27-70D5-4A1F-B358-82EC1B5FBDAE}
	EndGlobalSection
EndGlobal
